PODS:
  - Alamofire (5.6.4)
  - Kingfisher (7.6.1)

DEPENDENCIES:
  - Alamofire
  - Kingfisher

SPEC REPOS:
  trunk:
    - Alamofire
    - Kingfisher

SPEC CHECKSUMS:
  Alamofire: 4e95d97098eacb88856099c4fc79b526a299e48c
  Kingfisher: 93a3c6d0d551658a31e19f21747e1d15cb39d525

PODFILE CHECKSUM: 25656ae2e77d08eb674100577c54fd001076584f

COCOAPODS: 1.11.3
